
Microsoft Visual Studio Solution File, Format Version 12.00
# Visual Studio Express 2012 for Windows Desktop
Project("{FAE04EC0-301F-11D3-BF4B-00C04F79EFBC}") = "Bonsai.Pylon", "src\Bonsai.Pylon\Bonsai.Pylon.csproj", "{FAE35BBB-6631-4959-B26B-A9DC44947CF7}"
EndProject
Project("{2150E333-8FDC-42A3-9474-1A3956D46DE8}") = "build", "build", "{DEE5DD87-39C1-BF34-B639-A387DCCF972B}"
	ProjectSection(SolutionItems) = preProject
		build\Common.csproj.props = build\Common.csproj.props
		build\Common.csproj.targets = build\Common.csproj.targets
		build\Common.Tests.csproj.props = build\Common.Tests.csproj.props
		build\icon.png = build\icon.png
		build\Package.props = build\Package.props
		build\Project.csproj.props = build\Project.csproj.props
	EndProjectSection
EndProject
Global
	GlobalSection(SolutionConfigurationPlatforms) = preSolution
		Debug|Any CPU = Debug|Any CPU
		Release|Any CPU = Release|Any CPU
	EndGlobalSection
	GlobalSection(ProjectConfigurationPlatforms) = postSolution
		{FAE35BBB-6631-4959-B26B-A9DC44947CF7}.Debug|Any CPU.ActiveCfg = Debug|Any CPU
		{FAE35BBB-6631-4959-B26B-A9DC44947CF7}.Debug|Any CPU.Build.0 = Debug|Any CPU
		{FAE35BBB-6631-4959-B26B-A9DC44947CF7}.Release|Any CPU.ActiveCfg = Release|Any CPU
		{FAE35BBB-6631-4959-B26B-A9DC44947CF7}.Release|Any CPU.Build.0 = Release|Any CPU
	EndGlobalSection
	GlobalSection(SolutionProperties) = preSolution
		HideSolutionNode = FALSE
	EndGlobalSection
EndGlobal
